
Microsoft Visual Studio Solution File, Format Version 12.00
# Visual Studio Version 17
VisualStudioVersion = 17.10.35027.167
MinimumVisualStudioVersion = 10.0.40219.1
Project("{FAE04EC0-301F-11D3-BF4B-00C04F79EFBC}") = "GameServerMatchMaking", "GameServerMatchMaking.csproj", "{5C92B30A-3C54-45F6-8DEB-9BCF5AACD763}"
EndProject
Global
	GlobalSection(SolutionConfigurationPlatforms) = preSolution
		Debug|Any CPU = Debug|Any CPU
		Release|Any CPU = Release|Any CPU
	EndGlobalSection
	GlobalSection(ProjectConfigurationPlatforms) = postSolution
		{5C92B30A-3C54-45F6-8DEB-9BCF5AACD763}.Debug|Any CPU.ActiveCfg = Debug|Any CPU
		{5C92B30A-3C54-45F6-8DEB-9BCF5AACD763}.Debug|Any CPU.Build.0 = Debug|Any CPU
		{5C92B30A-3C54-45F6-8DEB-9BCF5AACD763}.Release|Any CPU.ActiveCfg = Release|Any CPU
		{5C92B30A-3C54-45F6-8DEB-9BCF5AACD763}.Release|Any CPU.Build.0 = Release|Any CPU
	EndGlobalSection
	GlobalSection(SolutionProperties) = preSolution
		HideSolutionNode = FALSE
	EndGlobalSection
	GlobalSection(ExtensibilityGlobals) = postSolution
		SolutionGuid = {8E31FC66-B384-4E17-A985-1BCF82F59EA5}
	EndGlobalSection
EndGlobal
